
Microsoft Visual Studio Solution File, Format Version 12.00
# Visual Studio Version 17
VisualStudioVersion = 17.11.35312.102
MinimumVisualStudioVersion = 10.0.40219.1
Project("{FAE04EC0-301F-11D3-BF4B-00C04F79EFBC}") = "ConsoleApp1", "ConsoleApp1.csproj", "{F723BD06-B526-4FBD-A29D-1DFF7F795285}"
EndProject
Global
	GlobalSection(SolutionConfigurationPlatforms) = preSolution
		Debug|Any CPU = Debug|Any CPU
		Release|Any CPU = Release|Any CPU
	EndGlobalSection
	GlobalSection(ProjectConfigurationPlatforms) = postSolution
		{F723BD06-B526-4FBD-A29D-1DFF7F795285}.Debug|Any CPU.ActiveCfg = Debug|Any CPU
		{F723BD06-B526-4FBD-A29D-1DFF7F795285}.Debug|Any CPU.Build.0 = Debug|Any CPU
		{F723BD06-B526-4FBD-A29D-1DFF7F795285}.Release|Any CPU.ActiveCfg = Release|Any CPU
		{F723BD06-B526-4FBD-A29D-1DFF7F795285}.Release|Any CPU.Build.0 = Release|Any CPU
	EndGlobalSection
	GlobalSection(SolutionProperties) = preSolution
		HideSolutionNode = FALSE
	EndGlobalSection
	GlobalSection(ExtensibilityGlobals) = postSolution
		SolutionGuid = {A0A3F35E-8321-4715-BF1B-F8C5BB7C535F}
	EndGlobalSection
EndGlobal
